
Microsoft Visual Studio Solution File, Format Version 12.00
# Visual Studio Version 18
VisualStudioVersion = 18.3.11512.155 d18.3
MinimumVisualStudioVersion = 10.0.40219.1
Project("{FAE04EC0-301F-11D3-BF4B-00C04F79EFBC}") = "KB18377_WpfApp1", "KB18377_WpfApp1\KB18377_WpfApp1.csproj", "{E996C27A-9802-4505-81DB-A991E2080B81}"
EndProject
Global
	GlobalSection(SolutionConfigurationPlatforms) = preSolution
		Debug|Any CPU = Debug|Any CPU
		Release|Any CPU = Release|Any CPU
	EndGlobalSection
	GlobalSection(ProjectConfigurationPlatforms) = postSolution
		{E996C27A-9802-4505-81DB-A991E2080B81}.Debug|Any CPU.ActiveCfg = Debug|Any CPU
		{E996C27A-9802-4505-81DB-A991E2080B81}.Debug|Any CPU.Build.0 = Debug|Any CPU
		{E996C27A-9802-4505-81DB-A991E2080B81}.Release|Any CPU.ActiveCfg = Release|Any CPU
		{E996C27A-9802-4505-81DB-A991E2080B81}.Release|Any CPU.Build.0 = Release|Any CPU
	EndGlobalSection
	GlobalSection(SolutionProperties) = preSolution
		HideSolutionNode = FALSE
	EndGlobalSection
	GlobalSection(ExtensibilityGlobals) = postSolution
		SolutionGuid = {1AD1B1E0-8C69-40ED-84E3-0261498EB08D}
	EndGlobalSection
EndGlobal
